{
    "name": "employee_tracker_database",
    "version": "1.0.0",
    "lockfileVersion": 2,
    "requires": true,
    "packages": {
      "": {
        "name": "employee_tracker_database",
        "version": "1.0.0",
        "license": "ISC",
        "dependencies": {
          "console.table": "^0.10.0",
          "inquirer": "^8.2.0",
          "mysql2": "^2.3.3"
        }}}
      }